
Microsoft Visual Studio Solution File, Format Version 11.00
# Visual Studio 2010
Project("{8BC9CEB8-8B4A-11D0-8D11-00A0C91BC942}") = "pe_bliss", "pe_lib\pe_lib.vcxproj", "{1461F543-D1FA-4E4C-B6D7-0F879F566035}"
EndProject
Project("{2150E333-8FDC-42A3-9474-1A3956D46DE8}") = "View PE information", "View PE information", "{49B3F007-A569-40AE-8FB4-A2AE0347F479}"
EndProject
Project("{2150E333-8FDC-42A3-9474-1A3956D46DE8}") = "PE Library", "PE Library", "{9554CAF4-678B-4E42-B886-0F9771FD2B61}"
EndProject
Project("{2150E333-8FDC-42A3-9474-1A3956D46DE8}") = "Edit PE files", "Edit PE files", "{53A03406-AEFB-4ABA-8DD1-5AE9B8DFB036}"
EndProject
Project("{8BC9CEB8-8B4A-11D0-8D11-00A0C91BC942}") = "address_convertions", "samples\address_convertions\address_convertions.vcxproj", "{2754B0D6-4A8B-49F4-AB9E-E7306D0DAB32}"
	ProjectSection(ProjectDependencies) = postProject
		{1461F543-D1FA-4E4C-B6D7-0F879F566035} = {1461F543-D1FA-4E4C-B6D7-0F879F566035}
	EndProjectSection
EndProject
Project("{8BC9CEB8-8B4A-11D0-8D11-00A0C91BC942}") = "basic_info_viewer", "samples\basic_info_viewer\basic_info_viewer.vcxproj", "{71707667-1A10-4B53-AC02-E4AD898AC6E7}"
	ProjectSection(ProjectDependencies) = postProject
		{1461F543-D1FA-4E4C-B6D7-0F879F566035} = {1461F543-D1FA-4E4C-B6D7-0F879F566035}
	EndProjectSection
EndProject
Project("{8BC9CEB8-8B4A-11D0-8D11-00A0C91BC942}") = "bound_import_reader", "samples\bound_import_reader\bound_import_reader.vcxproj", "{EFC31F33-D5E4-4356-A892-18CADABCFCCF}"
	ProjectSection(ProjectDependencies) = postProject
		{1461F543-D1FA-4E4C-B6D7-0F879F566035} = {1461F543-D1FA-4E4C-B6D7-0F879F566035}
	EndProjectSection
EndProject
Project("{8BC9CEB8-8B4A-11D0-8D11-00A0C91BC942}") = "debug_info_reader", "samples\debug_info_reader\debug_info_reader.vcxproj", "{332A1418-E89B-4658-9F7F-8D219ED776EA}"
	ProjectSection(ProjectDependencies) = postProject
		{1461F543-D1FA-4E4C-B6D7-0F879F566035} = {1461F543-D1FA-4E4C-B6D7-0F879F566035}
	EndProjectSection
EndProject
Project("{8BC9CEB8-8B4A-11D0-8D11-00A0C91BC942}") = "entropy_calculator", "samples\entropy_calculator\entropy_calculator.vcxproj", "{48879460-0DF8-491E-BD1D-A489C8D92746}"
	ProjectSection(ProjectDependencies) = postProject
		{1461F543-D1FA-4E4C-B6D7-0F879F566035} = {1461F543-D1FA-4E4C-B6D7-0F879F566035}
	EndProjectSection
EndProject
Project("{8BC9CEB8-8B4A-11D0-8D11-00A0C91BC942}") = "exception_dir_reader", "samples\exception_dir_reader\exception_dir_reader.vcxproj", "{EFAF41AB-C77D-4819-996E-4F6C305553A5}"
	ProjectSection(ProjectDependencies) = postProject
		{1461F543-D1FA-4E4C-B6D7-0F879F566035} = {1461F543-D1FA-4E4C-B6D7-0F879F566035}
	EndProjectSection
EndProject
Project("{8BC9CEB8-8B4A-11D0-8D11-00A0C91BC942}") = "exports_reader", "samples\exports_reader\exports_reader.vcxproj", "{32ABD41F-7BCE-43E0-853E-21E16260EDB7}"
	ProjectSection(ProjectDependencies) = postProject
		{1461F543-D1FA-4E4C-B6D7-0F879F566035} = {1461F543-D1FA-4E4C-B6D7-0F879F566035}
	EndProjectSection
EndProject
Project("{8BC9CEB8-8B4A-11D0-8D11-00A0C91BC942}") = "imports_reader", "samples\imports_reader\imports_reader.vcxproj", "{752670B7-53AA-46CF-B3C5-D3FABBDC027D}"
	ProjectSection(ProjectDependencies) = postProject
		{1461F543-D1FA-4E4C-B6D7-0F879F566035} = {1461F543-D1FA-4E4C-B6D7-0F879F566035}
	EndProjectSection
EndProject
Project("{8BC9CEB8-8B4A-11D0-8D11-00A0C91BC942}") = "pe_config_reader", "samples\pe_config_reader\pe_config_reader.vcxproj", "{4F642892-D07F-4A96-82E4-36E2966D222D}"
	ProjectSection(ProjectDependencies) = postProject
		{1461F543-D1FA-4E4C-B6D7-0F879F566035} = {1461F543-D1FA-4E4C-B6D7-0F879F566035}
	EndProjectSection
EndProject
Project("{8BC9CEB8-8B4A-11D0-8D11-00A0C91BC942}") = "pe_sections_reader", "samples\pe_sections_reader\pe_sections_reader.vcxproj", "{F154B72B-22DD-493A-B5D5-CDCD8914DA28}"
	ProjectSection(ProjectDependencies) = postProject
		{1461F543-D1FA-4E4C-B6D7-0F879F566035} = {1461F543-D1FA-4E4C-B6D7-0F879F566035}
	EndProjectSection
EndProject
Project("{8BC9CEB8-8B4A-11D0-8D11-00A0C91BC942}") = "relocations_reader", "samples\relocations_reader\relocations_reader.vcxproj", "{A188C743-EA65-4D18-8964-18EAE61ACAC2}"
	ProjectSection(ProjectDependencies) = postProject
		{1461F543-D1FA-4E4C-B6D7-0F879F566035} = {1461F543-D1FA-4E4C-B6D7-0F879F566035}
	EndProjectSection
EndProject
Project("{8BC9CEB8-8B4A-11D0-8D11-00A0C91BC942}") = "resource_viewer", "samples\resource_viewer\resource_viewer.vcxproj", "{BC2D8697-73C1-46B9-AC1C-7777D1A71609}"
	ProjectSection(ProjectDependencies) = postProject
		{1461F543-D1FA-4E4C-B6D7-0F879F566035} = {1461F543-D1FA-4E4C-B6D7-0F879F566035}
	EndProjectSection
EndProject
Project("{8BC9CEB8-8B4A-11D0-8D11-00A0C91BC942}") = "rich_overlay_stub_reader", "samples\rich_overlay_stub_reader\rich_overlay_stub_reader.vcxproj", "{3FDDF315-4CD6-4A21-91CE-F5AFF5BB9667}"
	ProjectSection(ProjectDependencies) = postProject
		{1461F543-D1FA-4E4C-B6D7-0F879F566035} = {1461F543-D1FA-4E4C-B6D7-0F879F566035}
	EndProjectSection
EndProject
Project("{8BC9CEB8-8B4A-11D0-8D11-00A0C91BC942}") = "sections_and_addresses", "samples\sections_and_addresses\sections_and_addresses.vcxproj", "{99F41F8F-44DB-410E-9883-A6A16E903DF8}"
	ProjectSection(ProjectDependencies) = postProject
		{1461F543-D1FA-4E4C-B6D7-0F879F566035} = {1461F543-D1FA-4E4C-B6D7-0F879F566035}
	EndProjectSection
EndProject
Project("{8BC9CEB8-8B4A-11D0-8D11-00A0C91BC942}") = "tls_reader", "samples\tls_reader\tls_reader.vcxproj", "{CFB9A225-E2E5-43BC-898A-6D52357E7F92}"
	ProjectSection(ProjectDependencies) = postProject
		{1461F543-D1FA-4E4C-B6D7-0F879F566035} = {1461F543-D1FA-4E4C-B6D7-0F879F566035}
	EndProjectSection
EndProject
Project("{8BC9CEB8-8B4A-11D0-8D11-00A0C91BC942}") = "basic_dotnet_viewer", "samples\basic_dotnet_viewer\basic_dotnet_viewer.vcxproj", "{5E2C4403-4C8B-4773-89A6-61547756ABDC}"
	ProjectSection(ProjectDependencies) = postProject
		{1461F543-D1FA-4E4C-B6D7-0F879F566035} = {1461F543-D1FA-4E4C-B6D7-0F879F566035}
	EndProjectSection
EndProject
Project("{8BC9CEB8-8B4A-11D0-8D11-00A0C91BC942}") = "section_adder", "samples\section_adder\section_adder.vcxproj", "{93ABC577-1018-48C2-95C6-39B0B26DD3B0}"
	ProjectSection(ProjectDependencies) = postProject
		{1461F543-D1FA-4E4C-B6D7-0F879F566035} = {1461F543-D1FA-4E4C-B6D7-0F879F566035}
	EndProjectSection
EndProject
Project("{8BC9CEB8-8B4A-11D0-8D11-00A0C91BC942}") = "pe_rebaser", "samples\pe_rebaser\pe_rebaser.vcxproj", "{46FD39E7-B16C-4F73-B2F0-F1B570464C6E}"
	ProjectSection(ProjectDependencies) = postProject
		{1461F543-D1FA-4E4C-B6D7-0F879F566035} = {1461F543-D1FA-4E4C-B6D7-0F879F566035}
	EndProjectSection
EndProject
Project("{8BC9CEB8-8B4A-11D0-8D11-00A0C91BC942}") = "pe_stripper", "samples\pe_stripper\pe_stripper.vcxproj", "{B32991F6-CD2C-48FE-A2AE-BDE8A4AC847D}"
	ProjectSection(ProjectDependencies) = postProject
		{1461F543-D1FA-4E4C-B6D7-0F879F566035} = {1461F543-D1FA-4E4C-B6D7-0F879F566035}
	EndProjectSection
EndProject
Project("{8BC9CEB8-8B4A-11D0-8D11-00A0C91BC942}") = "pe_realigner", "samples\pe_realigner\pe_realigner.vcxproj", "{F40CE9C6-5E3F-445A-8EA4-ED819E608024}"
	ProjectSection(ProjectDependencies) = postProject
		{1461F543-D1FA-4E4C-B6D7-0F879F566035} = {1461F543-D1FA-4E4C-B6D7-0F879F566035}
	EndProjectSection
EndProject
Project("{8BC9CEB8-8B4A-11D0-8D11-00A0C91BC942}") = "import_adder", "samples\import_adder\import_adder.vcxproj", "{EE56AFB0-A1C4-4F6D-8F90-0DB5A17C5C59}"
	ProjectSection(ProjectDependencies) = postProject
		{1461F543-D1FA-4E4C-B6D7-0F879F566035} = {1461F543-D1FA-4E4C-B6D7-0F879F566035}
	EndProjectSection
EndProject
Project("{8BC9CEB8-8B4A-11D0-8D11-00A0C91BC942}") = "export_adder", "samples\export_adder\export_adder.vcxproj", "{17C01A93-C7F0-49EB-A9A0-81F5E06779C3}"
	ProjectSection(ProjectDependencies) = postProject
		{1461F543-D1FA-4E4C-B6D7-0F879F566035} = {1461F543-D1FA-4E4C-B6D7-0F879F566035}
	EndProjectSection
EndProject
Project("{8BC9CEB8-8B4A-11D0-8D11-00A0C91BC942}") = "relocation_adder", "samples\relocation_adder\relocation_adder.vcxproj", "{7375047B-90D7-4564-BA84-7E5C638C7CCE}"
	ProjectSection(ProjectDependencies) = postProject
		{1461F543-D1FA-4E4C-B6D7-0F879F566035} = {1461F543-D1FA-4E4C-B6D7-0F879F566035}
	EndProjectSection
EndProject
Project("{8BC9CEB8-8B4A-11D0-8D11-00A0C91BC942}") = "tls_editor", "samples\tls_editor\tls_editor.vcxproj", "{ABA9C7BF-D145-4066-8E0D-41C190BB5C0A}"
	ProjectSection(ProjectDependencies) = postProject
		{1461F543-D1FA-4E4C-B6D7-0F879F566035} = {1461F543-D1FA-4E4C-B6D7-0F879F566035}
	EndProjectSection
EndProject
Project("{8BC9CEB8-8B4A-11D0-8D11-00A0C91BC942}") = "resource_editor", "samples\resource_editor\resource_editor.vcxproj", "{B88455A6-C93A-4F17-93A5-FC84B70F9CFE}"
	ProjectSection(ProjectDependencies) = postProject
		{1461F543-D1FA-4E4C-B6D7-0F879F566035} = {1461F543-D1FA-4E4C-B6D7-0F879F566035}
	EndProjectSection
EndProject
Project("{8BC9CEB8-8B4A-11D0-8D11-00A0C91BC942}") = "image_config_editor", "samples\image_config_editor\image_config_editor.vcxproj", "{48B99169-44E6-41E5-A681-78243B885E86}"
	ProjectSection(ProjectDependencies) = postProject
		{1461F543-D1FA-4E4C-B6D7-0F879F566035} = {1461F543-D1FA-4E4C-B6D7-0F879F566035}
	EndProjectSection
EndProject
Project("{8BC9CEB8-8B4A-11D0-8D11-00A0C91BC942}") = "full_pe_rebuilder", "samples\full_pe_rebuilder\full_pe_rebuilder.vcxproj", "{D7F6EE93-F88A-4B66-8761-87EC844E20C5}"
	ProjectSection(ProjectDependencies) = postProject
		{1461F543-D1FA-4E4C-B6D7-0F879F566035} = {1461F543-D1FA-4E4C-B6D7-0F879F566035}
	EndProjectSection
EndProject
Project("{2150E333-8FDC-42A3-9474-1A3956D46DE8}") = "Samples", "Samples", "{65326322-DFB0-46BF-80A6-84B8A7C9628D}"
EndProject
Global
	GlobalSection(SolutionConfigurationPlatforms) = preSolution
		Debug|Win32 = Debug|Win32
		Debug|x64 = Debug|x64
		Release|Win32 = Release|Win32
		Release|x64 = Release|x64
	EndGlobalSection
	GlobalSection(ProjectConfigurationPlatforms) = postSolution
		{1461F543-D1FA-4E4C-B6D7-0F879F566035}.Debug|Win32.ActiveCfg = Debug|Win32
		{1461F543-D1FA-4E4C-B6D7-0F879F566035}.Debug|Win32.Build.0 = Debug|Win32
		{1461F543-D1FA-4E4C-B6D7-0F879F566035}.Debug|x64.ActiveCfg = Debug|x64
		{1461F543-D1FA-4E4C-B6D7-0F879F566035}.Debug|x64.Build.0 = Debug|x64
		{1461F543-D1FA-4E4C-B6D7-0F879F566035}.Release|Win32.ActiveCfg = Release|Win32
		{1461F543-D1FA-4E4C-B6D7-0F879F566035}.Release|Win32.Build.0 = Release|Win32
		{1461F543-D1FA-4E4C-B6D7-0F879F566035}.Release|x64.ActiveCfg = Release|x64
		{1461F543-D1FA-4E4C-B6D7-0F879F566035}.Release|x64.Build.0 = Release|x64
		{2754B0D6-4A8B-49F4-AB9E-E7306D0DAB32}.Debug|Win32.ActiveCfg = Debug|Win32
		{2754B0D6-4A8B-49F4-AB9E-E7306D0DAB32}.Debug|Win32.Build.0 = Debug|Win32
		{2754B0D6-4A8B-49F4-AB9E-E7306D0DAB32}.Debug|x64.ActiveCfg = Debug|x64
		{2754B0D6-4A8B-49F4-AB9E-E7306D0DAB32}.Debug|x64.Build.0 = Debug|x64
		{2754B0D6-4A8B-49F4-AB9E-E7306D0DAB32}.Release|Win32.ActiveCfg = Release|Win32
		{2754B0D6-4A8B-49F4-AB9E-E7306D0DAB32}.Release|Win32.Build.0 = Release|Win32
		{2754B0D6-4A8B-49F4-AB9E-E7306D0DAB32}.Release|x64.ActiveCfg = Release|x64
		{2754B0D6-4A8B-49F4-AB9E-E7306D0DAB32}.Release|x64.Build.0 = Release|x64
		{71707667-1A10-4B53-AC02-E4AD898AC6E7}.Debug|Win32.ActiveCfg = Debug|Win32
		{71707667-1A10-4B53-AC02-E4AD898AC6E7}.Debug|Win32.Build.0 = Debug|Win32
		{71707667-1A10-4B53-AC02-E4AD898AC6E7}.Debug|x64.ActiveCfg = Debug|x64
		{71707667-1A10-4B53-AC02-E4AD898AC6E7}.Debug|x64.Build.0 = Debug|x64
		{71707667-1A10-4B53-AC02-E4AD898AC6E7}.Release|Win32.ActiveCfg = Release|Win32
		{71707667-1A10-4B53-AC02-E4AD898AC6E7}.Release|Win32.Build.0 = Release|Win32
		{71707667-1A10-4B53-AC02-E4AD898AC6E7}.Release|x64.ActiveCfg = Release|x64
		{71707667-1A10-4B53-AC02-E4AD898AC6E7}.Release|x64.Build.0 = Release|x64
		{EFC31F33-D5E4-4356-A892-18CADABCFCCF}.Debug|Win32.ActiveCfg = Debug|Win32
		{EFC31F33-D5E4-4356-A892-18CADABCFCCF}.Debug|Win32.Build.0 = Debug|Win32
		{EFC31F33-D5E4-4356-A892-18CADABCFCCF}.Debug|x64.ActiveCfg = Debug|x64
		{EFC31F33-D5E4-4356-A892-18CADABCFCCF}.Debug|x64.Build.0 = Debug|x64
		{EFC31F33-D5E4-4356-A892-18CADABCFCCF}.Release|Win32.ActiveCfg = Release|Win32
		{EFC31F33-D5E4-4356-A892-18CADABCFCCF}.Release|Win32.Build.0 = Release|Win32
		{EFC31F33-D5E4-4356-A892-18CADABCFCCF}.Release|x64.ActiveCfg = Release|x64
		{EFC31F33-D5E4-4356-A892-18CADABCFCCF}.Release|x64.Build.0 = Release|x64
		{332A1418-E89B-4658-9F7F-8D219ED776EA}.Debug|Win32.ActiveCfg = Debug|Win32
		{332A1418-E89B-4658-9F7F-8D219ED776EA}.Debug|Win32.Build.0 = Debug|Win32
		{332A1418-E89B-4658-9F7F-8D219ED776EA}.Debug|x64.ActiveCfg = Debug|x64
		{332A1418-E89B-4658-9F7F-8D219ED776EA}.Debug|x64.Build.0 = Debug|x64
		{332A1418-E89B-4658-9F7F-8D219ED776EA}.Release|Win32.ActiveCfg = Release|Win32
		{332A1418-E89B-4658-9F7F-8D219ED776EA}.Release|Win32.Build.0 = Release|Win32
		{332A1418-E89B-4658-9F7F-8D219ED776EA}.Release|x64.ActiveCfg = Release|x64
		{332A1418-E89B-4658-9F7F-8D219ED776EA}.Release|x64.Build.0 = Release|x64
		{48879460-0DF8-491E-BD1D-A489C8D92746}.Debug|Win32.ActiveCfg = Debug|Win32
		{48879460-0DF8-491E-BD1D-A489C8D92746}.Debug|Win32.Build.0 = Debug|Win32
		{48879460-0DF8-491E-BD1D-A489C8D92746}.Debug|x64.ActiveCfg = Debug|x64
		{48879460-0DF8-491E-BD1D-A489C8D92746}.Debug|x64.Build.0 = Debug|x64
		{48879460-0DF8-491E-BD1D-A489C8D92746}.Release|Win32.ActiveCfg = Release|Win32
		{48879460-0DF8-491E-BD1D-A489C8D92746}.Release|Win32.Build.0 = Release|Win32
		{48879460-0DF8-491E-BD1D-A489C8D92746}.Release|x64.ActiveCfg = Release|x64
		{48879460-0DF8-491E-BD1D-A489C8D92746}.Release|x64.Build.0 = Release|x64
		{EFAF41AB-C77D-4819-996E-4F6C305553A5}.Debug|Win32.ActiveCfg = Debug|Win32
		{EFAF41AB-C77D-4819-996E-4F6C305553A5}.Debug|Win32.Build.0 = Debug|Win32
		{EFAF41AB-C77D-4819-996E-4F6C305553A5}.Debug|x64.ActiveCfg = Debug|x64
		{EFAF41AB-C77D-4819-996E-4F6C305553A5}.Debug|x64.Build.0 = Debug|x64
		{EFAF41AB-C77D-4819-996E-4F6C305553A5}.Release|Win32.ActiveCfg = Release|Win32
		{EFAF41AB-C77D-4819-996E-4F6C305553A5}.Release|Win32.Build.0 = Release|Win32
		{EFAF41AB-C77D-4819-996E-4F6C305553A5}.Release|x64.ActiveCfg = Release|x64
		{EFAF41AB-C77D-4819-996E-4F6C305553A5}.Release|x64.Build.0 = Release|x64
		{32ABD41F-7BCE-43E0-853E-21E16260EDB7}.Debug|Win32.ActiveCfg = Debug|Win32
		{32ABD41F-7BCE-43E0-853E-21E16260EDB7}.Debug|Win32.Build.0 = Debug|Win32
		{32ABD41F-7BCE-43E0-853E-21E16260EDB7}.Debug|x64.ActiveCfg = Debug|x64
		{32ABD41F-7BCE-43E0-853E-21E16260EDB7}.Debug|x64.Build.0 = Debug|x64
		{32ABD41F-7BCE-43E0-853E-21E16260EDB7}.Release|Win32.ActiveCfg = Release|Win32
		{32ABD41F-7BCE-43E0-853E-21E16260EDB7}.Release|Win32.Build.0 = Release|Win32
		{32ABD41F-7BCE-43E0-853E-21E16260EDB7}.Release|x64.ActiveCfg = Release|x64
		{32ABD41F-7BCE-43E0-853E-21E16260EDB7}.Release|x64.Build.0 = Release|x64
		{752670B7-53AA-46CF-B3C5-D3FABBDC027D}.Debug|Win32.ActiveCfg = Debug|Win32
		{752670B7-53AA-46CF-B3C5-D3FABBDC027D}.Debug|Win32.Build.0 = Debug|Win32
		{752670B7-53AA-46CF-B3C5-D3FABBDC027D}.Debug|x64.ActiveCfg = Debug|x64
		{752670B7-53AA-46CF-B3C5-D3FABBDC027D}.Debug|x64.Build.0 = Debug|x64
		{752670B7-53AA-46CF-B3C5-D3FABBDC027D}.Release|Win32.ActiveCfg = Release|Win32
		{752670B7-53AA-46CF-B3C5-D3FABBDC027D}.Release|Win32.Build.0 = Release|Win32
		{752670B7-53AA-46CF-B3C5-D3FABBDC027D}.Release|x64.ActiveCfg = Release|x64
		{752670B7-53AA-46CF-B3C5-D3FABBDC027D}.Release|x64.Build.0 = Release|x64
		{4F642892-D07F-4A96-82E4-36E2966D222D}.Debug|Win32.ActiveCfg = Debug|Win32
		{4F642892-D07F-4A96-82E4-36E2966D222D}.Debug|Win32.Build.0 = Debug|Win32
		{4F642892-D07F-4A96-82E4-36E2966D222D}.Debug|x64.ActiveCfg = Debug|x64
		{4F642892-D07F-4A96-82E4-36E2966D222D}.Debug|x64.Build.0 = Debug|x64
		{4F642892-D07F-4A96-82E4-36E2966D222D}.Release|Win32.ActiveCfg = Release|Win32
		{4F642892-D07F-4A96-82E4-36E2966D222D}.Release|Win32.Build.0 = Release|Win32
		{4F642892-D07F-4A96-82E4-36E2966D222D}.Release|x64.ActiveCfg = Release|x64
		{4F642892-D07F-4A96-82E4-36E2966D222D}.Release|x64.Build.0 = Release|x64
		{F154B72B-22DD-493A-B5D5-CDCD8914DA28}.Debug|Win32.ActiveCfg = Debug|Win32
		{F154B72B-22DD-493A-B5D5-CDCD8914DA28}.Debug|Win32.Build.0 = Debug|Win32
		{F154B72B-22DD-493A-B5D5-CDCD8914DA28}.Debug|x64.ActiveCfg = Debug|x64
		{F154B72B-22DD-493A-B5D5-CDCD8914DA28}.Debug|x64.Build.0 = Debug|x64
		{F154B72B-22DD-493A-B5D5-CDCD8914DA28}.Release|Win32.ActiveCfg = Release|Win32
		{F154B72B-22DD-493A-B5D5-CDCD8914DA28}.Release|Win32.Build.0 = Release|Win32
		{F154B72B-22DD-493A-B5D5-CDCD8914DA28}.Release|x64.ActiveCfg = Release|x64
		{F154B72B-22DD-493A-B5D5-CDCD8914DA28}.Release|x64.Build.0 = Release|x64
		{A188C743-EA65-4D18-8964-18EAE61ACAC2}.Debug|Win32.ActiveCfg = Debug|Win32
		{A188C743-EA65-4D18-8964-18EAE61ACAC2}.Debug|Win32.Build.0 = Debug|Win32
		{A188C743-EA65-4D18-8964-18EAE61ACAC2}.Debug|x64.ActiveCfg = Debug|x64
		{A188C743-EA65-4D18-8964-18EAE61ACAC2}.Debug|x64.Build.0 = Debug|x64
		{A188C743-EA65-4D18-8964-18EAE61ACAC2}.Release|Win32.ActiveCfg = Release|Win32
		{A188C743-EA65-4D18-8964-18EAE61ACAC2}.Release|Win32.Build.0 = Release|Win32
		{A188C743-EA65-4D18-8964-18EAE61ACAC2}.Release|x64.ActiveCfg = Release|x64
		{A188C743-EA65-4D18-8964-18EAE61ACAC2}.Release|x64.Build.0 = Release|x64
		{BC2D8697-73C1-46B9-AC1C-7777D1A71609}.Debug|Win32.ActiveCfg = Debug|Win32
		{BC2D8697-73C1-46B9-AC1C-7777D1A71609}.Debug|Win32.Build.0 = Debug|Win32
		{BC2D8697-73C1-46B9-AC1C-7777D1A71609}.Debug|x64.ActiveCfg = Debug|x64
		{BC2D8697-73C1-46B9-AC1C-7777D1A71609}.Debug|x64.Build.0 = Debug|x64
		{BC2D8697-73C1-46B9-AC1C-7777D1A71609}.Release|Win32.ActiveCfg = Release|Win32
		{BC2D8697-73C1-46B9-AC1C-7777D1A71609}.Release|Win32.Build.0 = Release|Win32
		{BC2D8697-73C1-46B9-AC1C-7777D1A71609}.Release|x64.ActiveCfg = Release|x64
		{BC2D8697-73C1-46B9-AC1C-7777D1A71609}.Release|x64.Build.0 = Release|x64
		{3FDDF315-4CD6-4A21-91CE-F5AFF5BB9667}.Debug|Win32.ActiveCfg = Debug|Win32
		{3FDDF315-4CD6-4A21-91CE-F5AFF5BB9667}.Debug|Win32.Build.0 = Debug|Win32
		{3FDDF315-4CD6-4A21-91CE-F5AFF5BB9667}.Debug|x64.ActiveCfg = Debug|x64
		{3FDDF315-4CD6-4A21-91CE-F5AFF5BB9667}.Debug|x64.Build.0 = Debug|x64
		{3FDDF315-4CD6-4A21-91CE-F5AFF5BB9667}.Release|Win32.ActiveCfg = Release|Win32
		{3FDDF315-4CD6-4A21-91CE-F5AFF5BB9667}.Release|Win32.Build.0 = Release|Win32
		{3FDDF315-4CD6-4A21-91CE-F5AFF5BB9667}.Release|x64.ActiveCfg = Release|x64
		{3FDDF315-4CD6-4A21-91CE-F5AFF5BB9667}.Release|x64.Build.0 = Release|x64
		{99F41F8F-44DB-410E-9883-A6A16E903DF8}.Debug|Win32.ActiveCfg = Debug|Win32
		{99F41F8F-44DB-410E-9883-A6A16E903DF8}.Debug|Win32.Build.0 = Debug|Win32
		{99F41F8F-44DB-410E-9883-A6A16E903DF8}.Debug|x64.ActiveCfg = Debug|x64
		{99F41F8F-44DB-410E-9883-A6A16E903DF8}.Debug|x64.Build.0 = Debug|x64
		{99F41F8F-44DB-410E-9883-A6A16E903DF8}.Release|Win32.ActiveCfg = Release|Win32
		{99F41F8F-44DB-410E-9883-A6A16E903DF8}.Release|Win32.Build.0 = Release|Win32
		{99F41F8F-44DB-410E-9883-A6A16E903DF8}.Release|x64.ActiveCfg = Release|x64
		{99F41F8F-44DB-410E-9883-A6A16E903DF8}.Release|x64.Build.0 = Release|x64
		{CFB9A225-E2E5-43BC-898A-6D52357E7F92}.Debug|Win32.ActiveCfg = Debug|Win32
		{CFB9A225-E2E5-43BC-898A-6D52357E7F92}.Debug|Win32.Build.0 = Debug|Win32
		{CFB9A225-E2E5-43BC-898A-6D52357E7F92}.Debug|x64.ActiveCfg = Debug|x64
		{CFB9A225-E2E5-43BC-898A-6D52357E7F92}.Debug|x64.Build.0 = Debug|x64
		{CFB9A225-E2E5-43BC-898A-6D52357E7F92}.Release|Win32.ActiveCfg = Release|Win32
		{CFB9A225-E2E5-43BC-898A-6D52357E7F92}.Release|Win32.Build.0 = Release|Win32
		{CFB9A225-E2E5-43BC-898A-6D52357E7F92}.Release|x64.ActiveCfg = Release|x64
		{CFB9A225-E2E5-43BC-898A-6D52357E7F92}.Release|x64.Build.0 = Release|x64
		{5E2C4403-4C8B-4773-89A6-61547756ABDC}.Debug|Win32.ActiveCfg = Debug|Win32
		{5E2C4403-4C8B-4773-89A6-61547756ABDC}.Debug|Win32.Build.0 = Debug|Win32
		{5E2C4403-4C8B-4773-89A6-61547756ABDC}.Debug|x64.ActiveCfg = Debug|x64
		{5E2C4403-4C8B-4773-89A6-61547756ABDC}.Debug|x64.Build.0 = Debug|x64
		{5E2C4403-4C8B-4773-89A6-61547756ABDC}.Release|Win32.ActiveCfg = Release|Win32
		{5E2C4403-4C8B-4773-89A6-61547756ABDC}.Release|Win32.Build.0 = Release|Win32
		{5E2C4403-4C8B-4773-89A6-61547756ABDC}.Release|x64.ActiveCfg = Release|x64
		{5E2C4403-4C8B-4773-89A6-61547756ABDC}.Release|x64.Build.0 = Release|x64
		{93ABC577-1018-48C2-95C6-39B0B26DD3B0}.Debug|Win32.ActiveCfg = Debug|Win32
		{93ABC577-1018-48C2-95C6-39B0B26DD3B0}.Debug|Win32.Build.0 = Debug|Win32
		{93ABC577-1018-48C2-95C6-39B0B26DD3B0}.Debug|x64.ActiveCfg = Debug|x64
		{93ABC577-1018-48C2-95C6-39B0B26DD3B0}.Debug|x64.Build.0 = Debug|x64
		{93ABC577-1018-48C2-95C6-39B0B26DD3B0}.Release|Win32.ActiveCfg = Release|Win32
		{93ABC577-1018-48C2-95C6-39B0B26DD3B0}.Release|Win32.Build.0 = Release|Win32
		{93ABC577-1018-48C2-95C6-39B0B26DD3B0}.Release|x64.ActiveCfg = Release|x64
		{93ABC577-1018-48C2-95C6-39B0B26DD3B0}.Release|x64.Build.0 = Release|x64
		{46FD39E7-B16C-4F73-B2F0-F1B570464C6E}.Debug|Win32.ActiveCfg = Debug|Win32
		{46FD39E7-B16C-4F73-B2F0-F1B570464C6E}.Debug|Win32.Build.0 = Debug|Win32
		{46FD39E7-B16C-4F73-B2F0-F1B570464C6E}.Debug|x64.ActiveCfg = Debug|x64
		{46FD39E7-B16C-4F73-B2F0-F1B570464C6E}.Debug|x64.Build.0 = Debug|x64
		{46FD39E7-B16C-4F73-B2F0-F1B570464C6E}.Release|Win32.ActiveCfg = Release|Win32
		{46FD39E7-B16C-4F73-B2F0-F1B570464C6E}.Release|Win32.Build.0 = Release|Win32
		{46FD39E7-B16C-4F73-B2F0-F1B570464C6E}.Release|x64.ActiveCfg = Release|x64
		{46FD39E7-B16C-4F73-B2F0-F1B570464C6E}.Release|x64.Build.0 = Release|x64
		{B32991F6-CD2C-48FE-A2AE-BDE8A4AC847D}.Debug|Win32.ActiveCfg = Debug|Win32
		{B32991F6-CD2C-48FE-A2AE-BDE8A4AC847D}.Debug|Win32.Build.0 = Debug|Win32
		{B32991F6-CD2C-48FE-A2AE-BDE8A4AC847D}.Debug|x64.ActiveCfg = Debug|x64
		{B32991F6-CD2C-48FE-A2AE-BDE8A4AC847D}.Debug|x64.Build.0 = Debug|x64
		{B32991F6-CD2C-48FE-A2AE-BDE8A4AC847D}.Release|Win32.ActiveCfg = Release|Win32
		{B32991F6-CD2C-48FE-A2AE-BDE8A4AC847D}.Release|Win32.Build.0 = Release|Win32
		{B32991F6-CD2C-48FE-A2AE-BDE8A4AC847D}.Release|x64.ActiveCfg = Release|x64
		{B32991F6-CD2C-48FE-A2AE-BDE8A4AC847D}.Release|x64.Build.0 = Release|x64
		{F40CE9C6-5E3F-445A-8EA4-ED819E608024}.Debug|Win32.ActiveCfg = Debug|Win32
		{F40CE9C6-5E3F-445A-8EA4-ED819E608024}.Debug|Win32.Build.0 = Debug|Win32
		{F40CE9C6-5E3F-445A-8EA4-ED819E608024}.Debug|x64.ActiveCfg = Debug|x64
		{F40CE9C6-5E3F-445A-8EA4-ED819E608024}.Debug|x64.Build.0 = Debug|x64
		{F40CE9C6-5E3F-445A-8EA4-ED819E608024}.Release|Win32.ActiveCfg = Release|Win32
		{F40CE9C6-5E3F-445A-8EA4-ED819E608024}.Release|Win32.Build.0 = Release|Win32
		{F40CE9C6-5E3F-445A-8EA4-ED819E608024}.Release|x64.ActiveCfg = Release|x64
		{F40CE9C6-5E3F-445A-8EA4-ED819E608024}.Release|x64.Build.0 = Release|x64
		{EE56AFB0-A1C4-4F6D-8F90-0DB5A17C5C59}.Debug|Win32.ActiveCfg = Debug|Win32
		{EE56AFB0-A1C4-4F6D-8F90-0DB5A17C5C59}.Debug|Win32.Build.0 = Debug|Win32
		{EE56AFB0-A1C4-4F6D-8F90-0DB5A17C5C59}.Debug|x64.ActiveCfg = Debug|x64
		{EE56AFB0-A1C4-4F6D-8F90-0DB5A17C5C59}.Debug|x64.Build.0 = Debug|x64
		{EE56AFB0-A1C4-4F6D-8F90-0DB5A17C5C59}.Release|Win32.ActiveCfg = Release|Win32
		{EE56AFB0-A1C4-4F6D-8F90-0DB5A17C5C59}.Release|Win32.Build.0 = Release|Win32
		{EE56AFB0-A1C4-4F6D-8F90-0DB5A17C5C59}.Release|x64.ActiveCfg = Release|x64
		{EE56AFB0-A1C4-4F6D-8F90-0DB5A17C5C59}.Release|x64.Build.0 = Release|x64
		{17C01A93-C7F0-49EB-A9A0-81F5E06779C3}.Debug|Win32.ActiveCfg = Debug|Win32
		{17C01A93-C7F0-49EB-A9A0-81F5E06779C3}.Debug|Win32.Build.0 = Debug|Win32
		{17C01A93-C7F0-49EB-A9A0-81F5E06779C3}.Debug|x64.ActiveCfg = Debug|x64
		{17C01A93-C7F0-49EB-A9A0-81F5E06779C3}.Debug|x64.Build.0 = Debug|x64
		{17C01A93-C7F0-49EB-A9A0-81F5E06779C3}.Release|Win32.ActiveCfg = Release|Win32
		{17C01A93-C7F0-49EB-A9A0-81F5E06779C3}.Release|Win32.Build.0 = Release|Win32
		{17C01A93-C7F0-49EB-A9A0-81F5E06779C3}.Release|x64.ActiveCfg = Release|x64
		{17C01A93-C7F0-49EB-A9A0-81F5E06779C3}.Release|x64.Build.0 = Release|x64
		{7375047B-90D7-4564-BA84-7E5C638C7CCE}.Debug|Win32.ActiveCfg = Debug|Win32
		{7375047B-90D7-4564-BA84-7E5C638C7CCE}.Debug|Win32.Build.0 = Debug|Win32
		{7375047B-90D7-4564-BA84-7E5C638C7CCE}.Debug|x64.ActiveCfg = Debug|x64
		{7375047B-90D7-4564-BA84-7E5C638C7CCE}.Debug|x64.Build.0 = Debug|x64
		{7375047B-90D7-4564-BA84-7E5C638C7CCE}.Release|Win32.ActiveCfg = Release|Win32
		{7375047B-90D7-4564-BA84-7E5C638C7CCE}.Release|Win32.Build.0 = Release|Win32
		{7375047B-90D7-4564-BA84-7E5C638C7CCE}.Release|x64.ActiveCfg = Release|x64
		{7375047B-90D7-4564-BA84-7E5C638C7CCE}.Release|x64.Build.0 = Release|x64
		{ABA9C7BF-D145-4066-8E0D-41C190BB5C0A}.Debug|Win32.ActiveCfg = Debug|Win32
		{ABA9C7BF-D145-4066-8E0D-41C190BB5C0A}.Debug|Win32.Build.0 = Debug|Win32
		{ABA9C7BF-D145-4066-8E0D-41C190BB5C0A}.Debug|x64.ActiveCfg = Debug|x64
		{ABA9C7BF-D145-4066-8E0D-41C190BB5C0A}.Debug|x64.Build.0 = Debug|x64
		{ABA9C7BF-D145-4066-8E0D-41C190BB5C0A}.Release|Win32.ActiveCfg = Release|Win32
		{ABA9C7BF-D145-4066-8E0D-41C190BB5C0A}.Release|Win32.Build.0 = Release|Win32
		{ABA9C7BF-D145-4066-8E0D-41C190BB5C0A}.Release|x64.ActiveCfg = Release|x64
		{ABA9C7BF-D145-4066-8E0D-41C190BB5C0A}.Release|x64.Build.0 = Release|x64
		{B88455A6-C93A-4F17-93A5-FC84B70F9CFE}.Debug|Win32.ActiveCfg = Debug|Win32
		{B88455A6-C93A-4F17-93A5-FC84B70F9CFE}.Debug|Win32.Build.0 = Debug|Win32
		{B88455A6-C93A-4F17-93A5-FC84B70F9CFE}.Debug|x64.ActiveCfg = Debug|x64
		{B88455A6-C93A-4F17-93A5-FC84B70F9CFE}.Debug|x64.Build.0 = Debug|x64
		{B88455A6-C93A-4F17-93A5-FC84B70F9CFE}.Release|Win32.ActiveCfg = Release|Win32
		{B88455A6-C93A-4F17-93A5-FC84B70F9CFE}.Release|Win32.Build.0 = Release|Win32
		{B88455A6-C93A-4F17-93A5-FC84B70F9CFE}.Release|x64.ActiveCfg = Release|x64
		{B88455A6-C93A-4F17-93A5-FC84B70F9CFE}.Release|x64.Build.0 = Release|x64
		{48B99169-44E6-41E5-A681-78243B885E86}.Debug|Win32.ActiveCfg = Debug|Win32
		{48B99169-44E6-41E5-A681-78243B885E86}.Debug|Win32.Build.0 = Debug|Win32
		{48B99169-44E6-41E5-A681-78243B885E86}.Debug|x64.ActiveCfg = Debug|x64
		{48B99169-44E6-41E5-A681-78243B885E86}.Debug|x64.Build.0 = Debug|x64
		{48B99169-44E6-41E5-A681-78243B885E86}.Release|Win32.ActiveCfg = Release|Win32
		{48B99169-44E6-41E5-A681-78243B885E86}.Release|Win32.Build.0 = Release|Win32
		{48B99169-44E6-41E5-A681-78243B885E86}.Release|x64.ActiveCfg = Release|x64
		{48B99169-44E6-41E5-A681-78243B885E86}.Release|x64.Build.0 = Release|x64
		{D7F6EE93-F88A-4B66-8761-87EC844E20C5}.Debug|Win32.ActiveCfg = Debug|Win32
		{D7F6EE93-F88A-4B66-8761-87EC844E20C5}.Debug|Win32.Build.0 = Debug|Win32
		{D7F6EE93-F88A-4B66-8761-87EC844E20C5}.Debug|x64.ActiveCfg = Debug|x64
		{D7F6EE93-F88A-4B66-8761-87EC844E20C5}.Debug|x64.Build.0 = Debug|x64
		{D7F6EE93-F88A-4B66-8761-87EC844E20C5}.Release|Win32.ActiveCfg = Release|Win32
		{D7F6EE93-F88A-4B66-8761-87EC844E20C5}.Release|Win32.Build.0 = Release|Win32
		{D7F6EE93-F88A-4B66-8761-87EC844E20C5}.Release|x64.ActiveCfg = Release|x64
		{D7F6EE93-F88A-4B66-8761-87EC844E20C5}.Release|x64.Build.0 = Release|x64
	EndGlobalSection
	GlobalSection(SolutionProperties) = preSolution
		HideSolutionNode = FALSE
	EndGlobalSection
	GlobalSection(NestedProjects) = preSolution
		{1461F543-D1FA-4E4C-B6D7-0F879F566035} = {9554CAF4-678B-4E42-B886-0F9771FD2B61}
		{2754B0D6-4A8B-49F4-AB9E-E7306D0DAB32} = {49B3F007-A569-40AE-8FB4-A2AE0347F479}
		{71707667-1A10-4B53-AC02-E4AD898AC6E7} = {49B3F007-A569-40AE-8FB4-A2AE0347F479}
		{EFC31F33-D5E4-4356-A892-18CADABCFCCF} = {49B3F007-A569-40AE-8FB4-A2AE0347F479}
		{332A1418-E89B-4658-9F7F-8D219ED776EA} = {49B3F007-A569-40AE-8FB4-A2AE0347F479}
		{48879460-0DF8-491E-BD1D-A489C8D92746} = {49B3F007-A569-40AE-8FB4-A2AE0347F479}
		{EFAF41AB-C77D-4819-996E-4F6C305553A5} = {49B3F007-A569-40AE-8FB4-A2AE0347F479}
		{32ABD41F-7BCE-43E0-853E-21E16260EDB7} = {49B3F007-A569-40AE-8FB4-A2AE0347F479}
		{752670B7-53AA-46CF-B3C5-D3FABBDC027D} = {49B3F007-A569-40AE-8FB4-A2AE0347F479}
		{4F642892-D07F-4A96-82E4-36E2966D222D} = {49B3F007-A569-40AE-8FB4-A2AE0347F479}
		{F154B72B-22DD-493A-B5D5-CDCD8914DA28} = {49B3F007-A569-40AE-8FB4-A2AE0347F479}
		{A188C743-EA65-4D18-8964-18EAE61ACAC2} = {49B3F007-A569-40AE-8FB4-A2AE0347F479}
		{BC2D8697-73C1-46B9-AC1C-7777D1A71609} = {49B3F007-A569-40AE-8FB4-A2AE0347F479}
		{3FDDF315-4CD6-4A21-91CE-F5AFF5BB9667} = {49B3F007-A569-40AE-8FB4-A2AE0347F479}
		{99F41F8F-44DB-410E-9883-A6A16E903DF8} = {49B3F007-A569-40AE-8FB4-A2AE0347F479}
		{CFB9A225-E2E5-43BC-898A-6D52357E7F92} = {49B3F007-A569-40AE-8FB4-A2AE0347F479}
		{5E2C4403-4C8B-4773-89A6-61547756ABDC} = {49B3F007-A569-40AE-8FB4-A2AE0347F479}
		{93ABC577-1018-48C2-95C6-39B0B26DD3B0} = {53A03406-AEFB-4ABA-8DD1-5AE9B8DFB036}
		{46FD39E7-B16C-4F73-B2F0-F1B570464C6E} = {53A03406-AEFB-4ABA-8DD1-5AE9B8DFB036}
		{B32991F6-CD2C-48FE-A2AE-BDE8A4AC847D} = {53A03406-AEFB-4ABA-8DD1-5AE9B8DFB036}
		{F40CE9C6-5E3F-445A-8EA4-ED819E608024} = {53A03406-AEFB-4ABA-8DD1-5AE9B8DFB036}
		{EE56AFB0-A1C4-4F6D-8F90-0DB5A17C5C59} = {53A03406-AEFB-4ABA-8DD1-5AE9B8DFB036}
		{17C01A93-C7F0-49EB-A9A0-81F5E06779C3} = {53A03406-AEFB-4ABA-8DD1-5AE9B8DFB036}
		{7375047B-90D7-4564-BA84-7E5C638C7CCE} = {53A03406-AEFB-4ABA-8DD1-5AE9B8DFB036}
		{ABA9C7BF-D145-4066-8E0D-41C190BB5C0A} = {53A03406-AEFB-4ABA-8DD1-5AE9B8DFB036}
		{B88455A6-C93A-4F17-93A5-FC84B70F9CFE} = {53A03406-AEFB-4ABA-8DD1-5AE9B8DFB036}
		{48B99169-44E6-41E5-A681-78243B885E86} = {53A03406-AEFB-4ABA-8DD1-5AE9B8DFB036}
		{D7F6EE93-F88A-4B66-8761-87EC844E20C5} = {53A03406-AEFB-4ABA-8DD1-5AE9B8DFB036}
		{53A03406-AEFB-4ABA-8DD1-5AE9B8DFB036} = {65326322-DFB0-46BF-80A6-84B8A7C9628D}
		{49B3F007-A569-40AE-8FB4-A2AE0347F479} = {65326322-DFB0-46BF-80A6-84B8A7C9628D}
	EndGlobalSection
EndGlobal
