
Microsoft Visual Studio Solution File, Format Version 10.00
# Visual Studio 2008
Project("{8BC9CEB8-8B4A-11D0-8D11-00A0C91BC942}") = "pe_lib", "pe_lib\pe_lib.vcproj", "{4B658F8F-1722-4EEA-880C-A4A64DCA9F2C}"
EndProject
Project("{2150E333-8FDC-42A3-9474-1A3956D46DE8}") = "PE Library", "PE Library", "{20B98358-3862-4D16-985F-ECE9DE5D9FEB}"
EndProject
Project("{2150E333-8FDC-42A3-9474-1A3956D46DE8}") = "View PE information", "View PE information", "{25A7C026-702D-48A4-A1EC-81DE78F0664E}"
EndProject
Project("{2150E333-8FDC-42A3-9474-1A3956D46DE8}") = "Edit PE files", "Edit PE files", "{0CF51D6D-1F80-4D2C-95BE-566641BD1F71}"
EndProject
Project("{8BC9CEB8-8B4A-11D0-8D11-00A0C91BC942}") = "address_convertions", "samples\address_convertions\address_convertions.vcproj", "{642392B3-C763-44C8-91F4-EA90C3651608}"
	ProjectSection(ProjectDependencies) = postProject
		{4B658F8F-1722-4EEA-880C-A4A64DCA9F2C} = {4B658F8F-1722-4EEA-880C-A4A64DCA9F2C}
	EndProjectSection
EndProject
Project("{8BC9CEB8-8B4A-11D0-8D11-00A0C91BC942}") = "basic_dotnet_viewer", "samples\basic_dotnet_viewer\basic_dotnet_viewer.vcproj", "{DE053D44-F9BD-4C1A-B44B-3157BE27AD02}"
	ProjectSection(ProjectDependencies) = postProject
		{4B658F8F-1722-4EEA-880C-A4A64DCA9F2C} = {4B658F8F-1722-4EEA-880C-A4A64DCA9F2C}
	EndProjectSection
EndProject
Project("{8BC9CEB8-8B4A-11D0-8D11-00A0C91BC942}") = "basic_info_viewer", "samples\basic_info_viewer\basic_info_viewer.vcproj", "{7AF45D7B-8341-42CF-B382-B67E1399D8B1}"
	ProjectSection(ProjectDependencies) = postProject
		{4B658F8F-1722-4EEA-880C-A4A64DCA9F2C} = {4B658F8F-1722-4EEA-880C-A4A64DCA9F2C}
	EndProjectSection
EndProject
Project("{8BC9CEB8-8B4A-11D0-8D11-00A0C91BC942}") = "bound_import_reader", "samples\bound_import_reader\bound_import_reader.vcproj", "{65229ACC-5C9B-429C-B9DA-4710697637EB}"
	ProjectSection(ProjectDependencies) = postProject
		{4B658F8F-1722-4EEA-880C-A4A64DCA9F2C} = {4B658F8F-1722-4EEA-880C-A4A64DCA9F2C}
	EndProjectSection
EndProject
Project("{8BC9CEB8-8B4A-11D0-8D11-00A0C91BC942}") = "debug_info_reader", "samples\debug_info_reader\debug_info_reader.vcproj", "{218033A7-A6D0-45B4-88F6-F4FF5DD25207}"
	ProjectSection(ProjectDependencies) = postProject
		{4B658F8F-1722-4EEA-880C-A4A64DCA9F2C} = {4B658F8F-1722-4EEA-880C-A4A64DCA9F2C}
	EndProjectSection
EndProject
Project("{8BC9CEB8-8B4A-11D0-8D11-00A0C91BC942}") = "entropy_calculator", "samples\entropy_calculator\entropy_calculator.vcproj", "{111344DB-1F0B-460E-91DD-9DD36D2238A4}"
	ProjectSection(ProjectDependencies) = postProject
		{4B658F8F-1722-4EEA-880C-A4A64DCA9F2C} = {4B658F8F-1722-4EEA-880C-A4A64DCA9F2C}
	EndProjectSection
EndProject
Project("{8BC9CEB8-8B4A-11D0-8D11-00A0C91BC942}") = "exception_dir_reader", "samples\exception_dir_reader\exception_dir_reader.vcproj", "{D8E2714A-11A7-478D-A966-EF6968FFB766}"
	ProjectSection(ProjectDependencies) = postProject
		{4B658F8F-1722-4EEA-880C-A4A64DCA9F2C} = {4B658F8F-1722-4EEA-880C-A4A64DCA9F2C}
	EndProjectSection
EndProject
Project("{8BC9CEB8-8B4A-11D0-8D11-00A0C91BC942}") = "export_adder", "samples\export_adder\export_adder.vcproj", "{4459EB9F-0332-46C4-BF60-6CECA73C7D17}"
	ProjectSection(ProjectDependencies) = postProject
		{4B658F8F-1722-4EEA-880C-A4A64DCA9F2C} = {4B658F8F-1722-4EEA-880C-A4A64DCA9F2C}
	EndProjectSection
EndProject
Project("{8BC9CEB8-8B4A-11D0-8D11-00A0C91BC942}") = "exports_reader", "samples\exports_reader\exports_reader.vcproj", "{AC7C3A84-2F81-4B22-B27E-50A9D4C750E2}"
	ProjectSection(ProjectDependencies) = postProject
		{4B658F8F-1722-4EEA-880C-A4A64DCA9F2C} = {4B658F8F-1722-4EEA-880C-A4A64DCA9F2C}
	EndProjectSection
EndProject
Project("{8BC9CEB8-8B4A-11D0-8D11-00A0C91BC942}") = "import_adder", "samples\import_adder\import_adder.vcproj", "{5303D6F1-D667-4E92-A501-8B396252156F}"
	ProjectSection(ProjectDependencies) = postProject
		{4B658F8F-1722-4EEA-880C-A4A64DCA9F2C} = {4B658F8F-1722-4EEA-880C-A4A64DCA9F2C}
	EndProjectSection
EndProject
Project("{8BC9CEB8-8B4A-11D0-8D11-00A0C91BC942}") = "imports_reader", "samples\imports_reader\imports_reader.vcproj", "{15AFEB1D-4EF8-4AF0-88C8-9FCA879F8AE2}"
	ProjectSection(ProjectDependencies) = postProject
		{4B658F8F-1722-4EEA-880C-A4A64DCA9F2C} = {4B658F8F-1722-4EEA-880C-A4A64DCA9F2C}
	EndProjectSection
EndProject
Project("{8BC9CEB8-8B4A-11D0-8D11-00A0C91BC942}") = "pe_config_reader", "samples\pe_config_reader\pe_config_reader.vcproj", "{1F7B06CA-5529-4A3D-89CE-15161D4A01D9}"
	ProjectSection(ProjectDependencies) = postProject
		{4B658F8F-1722-4EEA-880C-A4A64DCA9F2C} = {4B658F8F-1722-4EEA-880C-A4A64DCA9F2C}
	EndProjectSection
EndProject
Project("{8BC9CEB8-8B4A-11D0-8D11-00A0C91BC942}") = "pe_realigner", "samples\pe_realigner\pe_realigner.vcproj", "{36EB9E03-E155-4487-AB1B-0B1B862B0155}"
	ProjectSection(ProjectDependencies) = postProject
		{4B658F8F-1722-4EEA-880C-A4A64DCA9F2C} = {4B658F8F-1722-4EEA-880C-A4A64DCA9F2C}
	EndProjectSection
EndProject
Project("{8BC9CEB8-8B4A-11D0-8D11-00A0C91BC942}") = "pe_rebaser", "samples\pe_rebaser\pe_rebaser.vcproj", "{0F52C42C-EEDA-4031-B0A0-F6CD53C81465}"
	ProjectSection(ProjectDependencies) = postProject
		{4B658F8F-1722-4EEA-880C-A4A64DCA9F2C} = {4B658F8F-1722-4EEA-880C-A4A64DCA9F2C}
	EndProjectSection
EndProject
Project("{8BC9CEB8-8B4A-11D0-8D11-00A0C91BC942}") = "pe_sections_reader", "samples\pe_sections_reader\pe_sections_reader.vcproj", "{0A06D231-FC40-4EC9-B0FC-F0D08270384E}"
	ProjectSection(ProjectDependencies) = postProject
		{4B658F8F-1722-4EEA-880C-A4A64DCA9F2C} = {4B658F8F-1722-4EEA-880C-A4A64DCA9F2C}
	EndProjectSection
EndProject
Project("{8BC9CEB8-8B4A-11D0-8D11-00A0C91BC942}") = "pe_stripper", "samples\pe_stripper\pe_stripper.vcproj", "{9E09B1EB-D3F3-4C38-B87F-AE642F509D04}"
	ProjectSection(ProjectDependencies) = postProject
		{4B658F8F-1722-4EEA-880C-A4A64DCA9F2C} = {4B658F8F-1722-4EEA-880C-A4A64DCA9F2C}
	EndProjectSection
EndProject
Project("{8BC9CEB8-8B4A-11D0-8D11-00A0C91BC942}") = "relocation_adder", "samples\relocation_adder\relocation_adder.vcproj", "{9E7C038E-470E-4DF8-A887-3E1B8A02B78C}"
	ProjectSection(ProjectDependencies) = postProject
		{4B658F8F-1722-4EEA-880C-A4A64DCA9F2C} = {4B658F8F-1722-4EEA-880C-A4A64DCA9F2C}
	EndProjectSection
EndProject
Project("{8BC9CEB8-8B4A-11D0-8D11-00A0C91BC942}") = "relocations_reader", "samples\relocations_reader\relocations_reader.vcproj", "{3EDCB092-C785-41EB-8A83-C5B37A2FF310}"
	ProjectSection(ProjectDependencies) = postProject
		{4B658F8F-1722-4EEA-880C-A4A64DCA9F2C} = {4B658F8F-1722-4EEA-880C-A4A64DCA9F2C}
	EndProjectSection
EndProject
Project("{8BC9CEB8-8B4A-11D0-8D11-00A0C91BC942}") = "resource_editor", "samples\resource_editor\resource_editor.vcproj", "{B0D287DB-451D-4005-9CE3-185D7602F0B7}"
	ProjectSection(ProjectDependencies) = postProject
		{4B658F8F-1722-4EEA-880C-A4A64DCA9F2C} = {4B658F8F-1722-4EEA-880C-A4A64DCA9F2C}
	EndProjectSection
EndProject
Project("{8BC9CEB8-8B4A-11D0-8D11-00A0C91BC942}") = "resource_viewer", "samples\resource_viewer\resource_viewer.vcproj", "{D10B61A9-09FD-4E87-8C66-BE07AE5CC8E9}"
	ProjectSection(ProjectDependencies) = postProject
		{4B658F8F-1722-4EEA-880C-A4A64DCA9F2C} = {4B658F8F-1722-4EEA-880C-A4A64DCA9F2C}
	EndProjectSection
EndProject
Project("{8BC9CEB8-8B4A-11D0-8D11-00A0C91BC942}") = "rich_overlay_stub_reader", "samples\rich_overlay_stub_reader\rich_overlay_stub_reader.vcproj", "{33FF435B-A3CF-441E-964E-A7DA8735E7B1}"
	ProjectSection(ProjectDependencies) = postProject
		{4B658F8F-1722-4EEA-880C-A4A64DCA9F2C} = {4B658F8F-1722-4EEA-880C-A4A64DCA9F2C}
	EndProjectSection
EndProject
Project("{8BC9CEB8-8B4A-11D0-8D11-00A0C91BC942}") = "section_adder", "samples\section_adder\section_adder.vcproj", "{C3B58F69-FA5D-4E9E-8E21-F6C5EBAC22ED}"
	ProjectSection(ProjectDependencies) = postProject
		{4B658F8F-1722-4EEA-880C-A4A64DCA9F2C} = {4B658F8F-1722-4EEA-880C-A4A64DCA9F2C}
	EndProjectSection
EndProject
Project("{8BC9CEB8-8B4A-11D0-8D11-00A0C91BC942}") = "sections_and_addresses", "samples\sections_and_addresses\sections_and_addresses.vcproj", "{660117AA-6B9E-4C7D-B0BE-DE6BD17DBA1E}"
	ProjectSection(ProjectDependencies) = postProject
		{4B658F8F-1722-4EEA-880C-A4A64DCA9F2C} = {4B658F8F-1722-4EEA-880C-A4A64DCA9F2C}
	EndProjectSection
EndProject
Project("{8BC9CEB8-8B4A-11D0-8D11-00A0C91BC942}") = "tls_editor", "samples\tls_editor\tls_editor.vcproj", "{781B56DF-15CE-4CBA-A008-0403029E558A}"
	ProjectSection(ProjectDependencies) = postProject
		{4B658F8F-1722-4EEA-880C-A4A64DCA9F2C} = {4B658F8F-1722-4EEA-880C-A4A64DCA9F2C}
	EndProjectSection
EndProject
Project("{8BC9CEB8-8B4A-11D0-8D11-00A0C91BC942}") = "tls_reader", "samples\tls_reader\tls_reader.vcproj", "{BA36739B-F101-4C91-928D-678AB9521A22}"
	ProjectSection(ProjectDependencies) = postProject
		{4B658F8F-1722-4EEA-880C-A4A64DCA9F2C} = {4B658F8F-1722-4EEA-880C-A4A64DCA9F2C}
	EndProjectSection
EndProject
Project("{8BC9CEB8-8B4A-11D0-8D11-00A0C91BC942}") = "image_config_editor", "samples\image_config_editor\image_config_editor.vcproj", "{22788F46-AB6B-4278-B1C0-ED220AE85F4A}"
	ProjectSection(ProjectDependencies) = postProject
		{4B658F8F-1722-4EEA-880C-A4A64DCA9F2C} = {4B658F8F-1722-4EEA-880C-A4A64DCA9F2C}
	EndProjectSection
EndProject
Project("{8BC9CEB8-8B4A-11D0-8D11-00A0C91BC942}") = "full_pe_rebuilder", "samples\full_pe_rebuilder\full_pe_rebuilder.vcproj", "{F61AB18A-8E8B-43D1-91B2-D6A2A297FDD6}"
	ProjectSection(ProjectDependencies) = postProject
		{4B658F8F-1722-4EEA-880C-A4A64DCA9F2C} = {4B658F8F-1722-4EEA-880C-A4A64DCA9F2C}
	EndProjectSection
EndProject
Project("{2150E333-8FDC-42A3-9474-1A3956D46DE8}") = "Samples", "Samples", "{9191A7C3-3B0A-45A5-99A2-72D1903AA7B7}"
EndProject
Global
	GlobalSection(SolutionConfigurationPlatforms) = preSolution
		Debug|Win32 = Debug|Win32
		Debug|x64 = Debug|x64
		Release|Win32 = Release|Win32
		Release|x64 = Release|x64
	EndGlobalSection
	GlobalSection(ProjectConfigurationPlatforms) = postSolution
		{4B658F8F-1722-4EEA-880C-A4A64DCA9F2C}.Debug|Win32.ActiveCfg = Debug|Win32
		{4B658F8F-1722-4EEA-880C-A4A64DCA9F2C}.Debug|Win32.Build.0 = Debug|Win32
		{4B658F8F-1722-4EEA-880C-A4A64DCA9F2C}.Debug|x64.ActiveCfg = Debug|x64
		{4B658F8F-1722-4EEA-880C-A4A64DCA9F2C}.Debug|x64.Build.0 = Debug|x64
		{4B658F8F-1722-4EEA-880C-A4A64DCA9F2C}.Release|Win32.ActiveCfg = Release|Win32
		{4B658F8F-1722-4EEA-880C-A4A64DCA9F2C}.Release|Win32.Build.0 = Release|Win32
		{4B658F8F-1722-4EEA-880C-A4A64DCA9F2C}.Release|x64.ActiveCfg = Release|x64
		{4B658F8F-1722-4EEA-880C-A4A64DCA9F2C}.Release|x64.Build.0 = Release|x64
		{642392B3-C763-44C8-91F4-EA90C3651608}.Debug|Win32.ActiveCfg = Debug|Win32
		{642392B3-C763-44C8-91F4-EA90C3651608}.Debug|Win32.Build.0 = Debug|Win32
		{642392B3-C763-44C8-91F4-EA90C3651608}.Debug|x64.ActiveCfg = Debug|x64
		{642392B3-C763-44C8-91F4-EA90C3651608}.Debug|x64.Build.0 = Debug|x64
		{642392B3-C763-44C8-91F4-EA90C3651608}.Release|Win32.ActiveCfg = Release|Win32
		{642392B3-C763-44C8-91F4-EA90C3651608}.Release|Win32.Build.0 = Release|Win32
		{642392B3-C763-44C8-91F4-EA90C3651608}.Release|x64.ActiveCfg = Release|x64
		{642392B3-C763-44C8-91F4-EA90C3651608}.Release|x64.Build.0 = Release|x64
		{DE053D44-F9BD-4C1A-B44B-3157BE27AD02}.Debug|Win32.ActiveCfg = Debug|Win32
		{DE053D44-F9BD-4C1A-B44B-3157BE27AD02}.Debug|Win32.Build.0 = Debug|Win32
		{DE053D44-F9BD-4C1A-B44B-3157BE27AD02}.Debug|x64.ActiveCfg = Debug|x64
		{DE053D44-F9BD-4C1A-B44B-3157BE27AD02}.Debug|x64.Build.0 = Debug|x64
		{DE053D44-F9BD-4C1A-B44B-3157BE27AD02}.Release|Win32.ActiveCfg = Release|Win32
		{DE053D44-F9BD-4C1A-B44B-3157BE27AD02}.Release|Win32.Build.0 = Release|Win32
		{DE053D44-F9BD-4C1A-B44B-3157BE27AD02}.Release|x64.ActiveCfg = Release|x64
		{DE053D44-F9BD-4C1A-B44B-3157BE27AD02}.Release|x64.Build.0 = Release|x64
		{7AF45D7B-8341-42CF-B382-B67E1399D8B1}.Debug|Win32.ActiveCfg = Debug|Win32
		{7AF45D7B-8341-42CF-B382-B67E1399D8B1}.Debug|Win32.Build.0 = Debug|Win32
		{7AF45D7B-8341-42CF-B382-B67E1399D8B1}.Debug|x64.ActiveCfg = Debug|x64
		{7AF45D7B-8341-42CF-B382-B67E1399D8B1}.Debug|x64.Build.0 = Debug|x64
		{7AF45D7B-8341-42CF-B382-B67E1399D8B1}.Release|Win32.ActiveCfg = Release|Win32
		{7AF45D7B-8341-42CF-B382-B67E1399D8B1}.Release|Win32.Build.0 = Release|Win32
		{7AF45D7B-8341-42CF-B382-B67E1399D8B1}.Release|x64.ActiveCfg = Release|x64
		{7AF45D7B-8341-42CF-B382-B67E1399D8B1}.Release|x64.Build.0 = Release|x64
		{65229ACC-5C9B-429C-B9DA-4710697637EB}.Debug|Win32.ActiveCfg = Debug|Win32
		{65229ACC-5C9B-429C-B9DA-4710697637EB}.Debug|Win32.Build.0 = Debug|Win32
		{65229ACC-5C9B-429C-B9DA-4710697637EB}.Debug|x64.ActiveCfg = Debug|x64
		{65229ACC-5C9B-429C-B9DA-4710697637EB}.Debug|x64.Build.0 = Debug|x64
		{65229ACC-5C9B-429C-B9DA-4710697637EB}.Release|Win32.ActiveCfg = Release|Win32
		{65229ACC-5C9B-429C-B9DA-4710697637EB}.Release|Win32.Build.0 = Release|Win32
		{65229ACC-5C9B-429C-B9DA-4710697637EB}.Release|x64.ActiveCfg = Release|x64
		{65229ACC-5C9B-429C-B9DA-4710697637EB}.Release|x64.Build.0 = Release|x64
		{218033A7-A6D0-45B4-88F6-F4FF5DD25207}.Debug|Win32.ActiveCfg = Debug|Win32
		{218033A7-A6D0-45B4-88F6-F4FF5DD25207}.Debug|Win32.Build.0 = Debug|Win32
		{218033A7-A6D0-45B4-88F6-F4FF5DD25207}.Debug|x64.ActiveCfg = Debug|x64
		{218033A7-A6D0-45B4-88F6-F4FF5DD25207}.Debug|x64.Build.0 = Debug|x64
		{218033A7-A6D0-45B4-88F6-F4FF5DD25207}.Release|Win32.ActiveCfg = Release|Win32
		{218033A7-A6D0-45B4-88F6-F4FF5DD25207}.Release|Win32.Build.0 = Release|Win32
		{218033A7-A6D0-45B4-88F6-F4FF5DD25207}.Release|x64.ActiveCfg = Release|x64
		{218033A7-A6D0-45B4-88F6-F4FF5DD25207}.Release|x64.Build.0 = Release|x64
		{111344DB-1F0B-460E-91DD-9DD36D2238A4}.Debug|Win32.ActiveCfg = Debug|Win32
		{111344DB-1F0B-460E-91DD-9DD36D2238A4}.Debug|Win32.Build.0 = Debug|Win32
		{111344DB-1F0B-460E-91DD-9DD36D2238A4}.Debug|x64.ActiveCfg = Debug|x64
		{111344DB-1F0B-460E-91DD-9DD36D2238A4}.Debug|x64.Build.0 = Debug|x64
		{111344DB-1F0B-460E-91DD-9DD36D2238A4}.Release|Win32.ActiveCfg = Release|Win32
		{111344DB-1F0B-460E-91DD-9DD36D2238A4}.Release|Win32.Build.0 = Release|Win32
		{111344DB-1F0B-460E-91DD-9DD36D2238A4}.Release|x64.ActiveCfg = Release|x64
		{111344DB-1F0B-460E-91DD-9DD36D2238A4}.Release|x64.Build.0 = Release|x64
		{D8E2714A-11A7-478D-A966-EF6968FFB766}.Debug|Win32.ActiveCfg = Debug|Win32
		{D8E2714A-11A7-478D-A966-EF6968FFB766}.Debug|Win32.Build.0 = Debug|Win32
		{D8E2714A-11A7-478D-A966-EF6968FFB766}.Debug|x64.ActiveCfg = Debug|x64
		{D8E2714A-11A7-478D-A966-EF6968FFB766}.Debug|x64.Build.0 = Debug|x64
		{D8E2714A-11A7-478D-A966-EF6968FFB766}.Release|Win32.ActiveCfg = Release|Win32
		{D8E2714A-11A7-478D-A966-EF6968FFB766}.Release|Win32.Build.0 = Release|Win32
		{D8E2714A-11A7-478D-A966-EF6968FFB766}.Release|x64.ActiveCfg = Release|x64
		{D8E2714A-11A7-478D-A966-EF6968FFB766}.Release|x64.Build.0 = Release|x64
		{4459EB9F-0332-46C4-BF60-6CECA73C7D17}.Debug|Win32.ActiveCfg = Debug|Win32
		{4459EB9F-0332-46C4-BF60-6CECA73C7D17}.Debug|Win32.Build.0 = Debug|Win32
		{4459EB9F-0332-46C4-BF60-6CECA73C7D17}.Debug|x64.ActiveCfg = Debug|x64
		{4459EB9F-0332-46C4-BF60-6CECA73C7D17}.Debug|x64.Build.0 = Debug|x64
		{4459EB9F-0332-46C4-BF60-6CECA73C7D17}.Release|Win32.ActiveCfg = Release|Win32
		{4459EB9F-0332-46C4-BF60-6CECA73C7D17}.Release|Win32.Build.0 = Release|Win32
		{4459EB9F-0332-46C4-BF60-6CECA73C7D17}.Release|x64.ActiveCfg = Release|x64
		{4459EB9F-0332-46C4-BF60-6CECA73C7D17}.Release|x64.Build.0 = Release|x64
		{AC7C3A84-2F81-4B22-B27E-50A9D4C750E2}.Debug|Win32.ActiveCfg = Debug|Win32
		{AC7C3A84-2F81-4B22-B27E-50A9D4C750E2}.Debug|Win32.Build.0 = Debug|Win32
		{AC7C3A84-2F81-4B22-B27E-50A9D4C750E2}.Debug|x64.ActiveCfg = Debug|x64
		{AC7C3A84-2F81-4B22-B27E-50A9D4C750E2}.Debug|x64.Build.0 = Debug|x64
		{AC7C3A84-2F81-4B22-B27E-50A9D4C750E2}.Release|Win32.ActiveCfg = Release|Win32
		{AC7C3A84-2F81-4B22-B27E-50A9D4C750E2}.Release|Win32.Build.0 = Release|Win32
		{AC7C3A84-2F81-4B22-B27E-50A9D4C750E2}.Release|x64.ActiveCfg = Release|x64
		{AC7C3A84-2F81-4B22-B27E-50A9D4C750E2}.Release|x64.Build.0 = Release|x64
		{5303D6F1-D667-4E92-A501-8B396252156F}.Debug|Win32.ActiveCfg = Debug|Win32
		{5303D6F1-D667-4E92-A501-8B396252156F}.Debug|Win32.Build.0 = Debug|Win32
		{5303D6F1-D667-4E92-A501-8B396252156F}.Debug|x64.ActiveCfg = Debug|x64
		{5303D6F1-D667-4E92-A501-8B396252156F}.Debug|x64.Build.0 = Debug|x64
		{5303D6F1-D667-4E92-A501-8B396252156F}.Release|Win32.ActiveCfg = Release|Win32
		{5303D6F1-D667-4E92-A501-8B396252156F}.Release|Win32.Build.0 = Release|Win32
		{5303D6F1-D667-4E92-A501-8B396252156F}.Release|x64.ActiveCfg = Release|x64
		{5303D6F1-D667-4E92-A501-8B396252156F}.Release|x64.Build.0 = Release|x64
		{15AFEB1D-4EF8-4AF0-88C8-9FCA879F8AE2}.Debug|Win32.ActiveCfg = Debug|Win32
		{15AFEB1D-4EF8-4AF0-88C8-9FCA879F8AE2}.Debug|Win32.Build.0 = Debug|Win32
		{15AFEB1D-4EF8-4AF0-88C8-9FCA879F8AE2}.Debug|x64.ActiveCfg = Debug|x64
		{15AFEB1D-4EF8-4AF0-88C8-9FCA879F8AE2}.Debug|x64.Build.0 = Debug|x64
		{15AFEB1D-4EF8-4AF0-88C8-9FCA879F8AE2}.Release|Win32.ActiveCfg = Release|Win32
		{15AFEB1D-4EF8-4AF0-88C8-9FCA879F8AE2}.Release|Win32.Build.0 = Release|Win32
		{15AFEB1D-4EF8-4AF0-88C8-9FCA879F8AE2}.Release|x64.ActiveCfg = Release|x64
		{15AFEB1D-4EF8-4AF0-88C8-9FCA879F8AE2}.Release|x64.Build.0 = Release|x64
		{1F7B06CA-5529-4A3D-89CE-15161D4A01D9}.Debug|Win32.ActiveCfg = Debug|Win32
		{1F7B06CA-5529-4A3D-89CE-15161D4A01D9}.Debug|Win32.Build.0 = Debug|Win32
		{1F7B06CA-5529-4A3D-89CE-15161D4A01D9}.Debug|x64.ActiveCfg = Debug|x64
		{1F7B06CA-5529-4A3D-89CE-15161D4A01D9}.Debug|x64.Build.0 = Debug|x64
		{1F7B06CA-5529-4A3D-89CE-15161D4A01D9}.Release|Win32.ActiveCfg = Release|Win32
		{1F7B06CA-5529-4A3D-89CE-15161D4A01D9}.Release|Win32.Build.0 = Release|Win32
		{1F7B06CA-5529-4A3D-89CE-15161D4A01D9}.Release|x64.ActiveCfg = Release|x64
		{1F7B06CA-5529-4A3D-89CE-15161D4A01D9}.Release|x64.Build.0 = Release|x64
		{36EB9E03-E155-4487-AB1B-0B1B862B0155}.Debug|Win32.ActiveCfg = Debug|Win32
		{36EB9E03-E155-4487-AB1B-0B1B862B0155}.Debug|Win32.Build.0 = Debug|Win32
		{36EB9E03-E155-4487-AB1B-0B1B862B0155}.Debug|x64.ActiveCfg = Debug|x64
		{36EB9E03-E155-4487-AB1B-0B1B862B0155}.Debug|x64.Build.0 = Debug|x64
		{36EB9E03-E155-4487-AB1B-0B1B862B0155}.Release|Win32.ActiveCfg = Release|Win32
		{36EB9E03-E155-4487-AB1B-0B1B862B0155}.Release|Win32.Build.0 = Release|Win32
		{36EB9E03-E155-4487-AB1B-0B1B862B0155}.Release|x64.ActiveCfg = Release|x64
		{36EB9E03-E155-4487-AB1B-0B1B862B0155}.Release|x64.Build.0 = Release|x64
		{0F52C42C-EEDA-4031-B0A0-F6CD53C81465}.Debug|Win32.ActiveCfg = Debug|Win32
		{0F52C42C-EEDA-4031-B0A0-F6CD53C81465}.Debug|Win32.Build.0 = Debug|Win32
		{0F52C42C-EEDA-4031-B0A0-F6CD53C81465}.Debug|x64.ActiveCfg = Debug|x64
		{0F52C42C-EEDA-4031-B0A0-F6CD53C81465}.Debug|x64.Build.0 = Debug|x64
		{0F52C42C-EEDA-4031-B0A0-F6CD53C81465}.Release|Win32.ActiveCfg = Release|Win32
		{0F52C42C-EEDA-4031-B0A0-F6CD53C81465}.Release|Win32.Build.0 = Release|Win32
		{0F52C42C-EEDA-4031-B0A0-F6CD53C81465}.Release|x64.ActiveCfg = Release|x64
		{0F52C42C-EEDA-4031-B0A0-F6CD53C81465}.Release|x64.Build.0 = Release|x64
		{0A06D231-FC40-4EC9-B0FC-F0D08270384E}.Debug|Win32.ActiveCfg = Debug|Win32
		{0A06D231-FC40-4EC9-B0FC-F0D08270384E}.Debug|Win32.Build.0 = Debug|Win32
		{0A06D231-FC40-4EC9-B0FC-F0D08270384E}.Debug|x64.ActiveCfg = Debug|x64
		{0A06D231-FC40-4EC9-B0FC-F0D08270384E}.Debug|x64.Build.0 = Debug|x64
		{0A06D231-FC40-4EC9-B0FC-F0D08270384E}.Release|Win32.ActiveCfg = Release|Win32
		{0A06D231-FC40-4EC9-B0FC-F0D08270384E}.Release|Win32.Build.0 = Release|Win32
		{0A06D231-FC40-4EC9-B0FC-F0D08270384E}.Release|x64.ActiveCfg = Release|x64
		{0A06D231-FC40-4EC9-B0FC-F0D08270384E}.Release|x64.Build.0 = Release|x64
		{9E09B1EB-D3F3-4C38-B87F-AE642F509D04}.Debug|Win32.ActiveCfg = Debug|Win32
		{9E09B1EB-D3F3-4C38-B87F-AE642F509D04}.Debug|Win32.Build.0 = Debug|Win32
		{9E09B1EB-D3F3-4C38-B87F-AE642F509D04}.Debug|x64.ActiveCfg = Debug|x64
		{9E09B1EB-D3F3-4C38-B87F-AE642F509D04}.Debug|x64.Build.0 = Debug|x64
		{9E09B1EB-D3F3-4C38-B87F-AE642F509D04}.Release|Win32.ActiveCfg = Release|Win32
		{9E09B1EB-D3F3-4C38-B87F-AE642F509D04}.Release|Win32.Build.0 = Release|Win32
		{9E09B1EB-D3F3-4C38-B87F-AE642F509D04}.Release|x64.ActiveCfg = Release|x64
		{9E09B1EB-D3F3-4C38-B87F-AE642F509D04}.Release|x64.Build.0 = Release|x64
		{9E7C038E-470E-4DF8-A887-3E1B8A02B78C}.Debug|Win32.ActiveCfg = Debug|Win32
		{9E7C038E-470E-4DF8-A887-3E1B8A02B78C}.Debug|Win32.Build.0 = Debug|Win32
		{9E7C038E-470E-4DF8-A887-3E1B8A02B78C}.Debug|x64.ActiveCfg = Debug|x64
		{9E7C038E-470E-4DF8-A887-3E1B8A02B78C}.Debug|x64.Build.0 = Debug|x64
		{9E7C038E-470E-4DF8-A887-3E1B8A02B78C}.Release|Win32.ActiveCfg = Release|Win32
		{9E7C038E-470E-4DF8-A887-3E1B8A02B78C}.Release|Win32.Build.0 = Release|Win32
		{9E7C038E-470E-4DF8-A887-3E1B8A02B78C}.Release|x64.ActiveCfg = Release|x64
		{9E7C038E-470E-4DF8-A887-3E1B8A02B78C}.Release|x64.Build.0 = Release|x64
		{3EDCB092-C785-41EB-8A83-C5B37A2FF310}.Debug|Win32.ActiveCfg = Debug|Win32
		{3EDCB092-C785-41EB-8A83-C5B37A2FF310}.Debug|Win32.Build.0 = Debug|Win32
		{3EDCB092-C785-41EB-8A83-C5B37A2FF310}.Debug|x64.ActiveCfg = Debug|x64
		{3EDCB092-C785-41EB-8A83-C5B37A2FF310}.Debug|x64.Build.0 = Debug|x64
		{3EDCB092-C785-41EB-8A83-C5B37A2FF310}.Release|Win32.ActiveCfg = Release|Win32
		{3EDCB092-C785-41EB-8A83-C5B37A2FF310}.Release|Win32.Build.0 = Release|Win32
		{3EDCB092-C785-41EB-8A83-C5B37A2FF310}.Release|x64.ActiveCfg = Release|x64
		{3EDCB092-C785-41EB-8A83-C5B37A2FF310}.Release|x64.Build.0 = Release|x64
		{B0D287DB-451D-4005-9CE3-185D7602F0B7}.Debug|Win32.ActiveCfg = Debug|Win32
		{B0D287DB-451D-4005-9CE3-185D7602F0B7}.Debug|Win32.Build.0 = Debug|Win32
		{B0D287DB-451D-4005-9CE3-185D7602F0B7}.Debug|x64.ActiveCfg = Debug|x64
		{B0D287DB-451D-4005-9CE3-185D7602F0B7}.Debug|x64.Build.0 = Debug|x64
		{B0D287DB-451D-4005-9CE3-185D7602F0B7}.Release|Win32.ActiveCfg = Release|Win32
		{B0D287DB-451D-4005-9CE3-185D7602F0B7}.Release|Win32.Build.0 = Release|Win32
		{B0D287DB-451D-4005-9CE3-185D7602F0B7}.Release|x64.ActiveCfg = Release|x64
		{B0D287DB-451D-4005-9CE3-185D7602F0B7}.Release|x64.Build.0 = Release|x64
		{D10B61A9-09FD-4E87-8C66-BE07AE5CC8E9}.Debug|Win32.ActiveCfg = Debug|Win32
		{D10B61A9-09FD-4E87-8C66-BE07AE5CC8E9}.Debug|Win32.Build.0 = Debug|Win32
		{D10B61A9-09FD-4E87-8C66-BE07AE5CC8E9}.Debug|x64.ActiveCfg = Debug|x64
		{D10B61A9-09FD-4E87-8C66-BE07AE5CC8E9}.Debug|x64.Build.0 = Debug|x64
		{D10B61A9-09FD-4E87-8C66-BE07AE5CC8E9}.Release|Win32.ActiveCfg = Release|Win32
		{D10B61A9-09FD-4E87-8C66-BE07AE5CC8E9}.Release|Win32.Build.0 = Release|Win32
		{D10B61A9-09FD-4E87-8C66-BE07AE5CC8E9}.Release|x64.ActiveCfg = Release|x64
		{D10B61A9-09FD-4E87-8C66-BE07AE5CC8E9}.Release|x64.Build.0 = Release|x64
		{33FF435B-A3CF-441E-964E-A7DA8735E7B1}.Debug|Win32.ActiveCfg = Debug|Win32
		{33FF435B-A3CF-441E-964E-A7DA8735E7B1}.Debug|Win32.Build.0 = Debug|Win32
		{33FF435B-A3CF-441E-964E-A7DA8735E7B1}.Debug|x64.ActiveCfg = Debug|x64
		{33FF435B-A3CF-441E-964E-A7DA8735E7B1}.Debug|x64.Build.0 = Debug|x64
		{33FF435B-A3CF-441E-964E-A7DA8735E7B1}.Release|Win32.ActiveCfg = Release|Win32
		{33FF435B-A3CF-441E-964E-A7DA8735E7B1}.Release|Win32.Build.0 = Release|Win32
		{33FF435B-A3CF-441E-964E-A7DA8735E7B1}.Release|x64.ActiveCfg = Release|x64
		{33FF435B-A3CF-441E-964E-A7DA8735E7B1}.Release|x64.Build.0 = Release|x64
		{C3B58F69-FA5D-4E9E-8E21-F6C5EBAC22ED}.Debug|Win32.ActiveCfg = Debug|Win32
		{C3B58F69-FA5D-4E9E-8E21-F6C5EBAC22ED}.Debug|Win32.Build.0 = Debug|Win32
		{C3B58F69-FA5D-4E9E-8E21-F6C5EBAC22ED}.Debug|x64.ActiveCfg = Debug|x64
		{C3B58F69-FA5D-4E9E-8E21-F6C5EBAC22ED}.Debug|x64.Build.0 = Debug|x64
		{C3B58F69-FA5D-4E9E-8E21-F6C5EBAC22ED}.Release|Win32.ActiveCfg = Release|Win32
		{C3B58F69-FA5D-4E9E-8E21-F6C5EBAC22ED}.Release|Win32.Build.0 = Release|Win32
		{C3B58F69-FA5D-4E9E-8E21-F6C5EBAC22ED}.Release|x64.ActiveCfg = Release|x64
		{C3B58F69-FA5D-4E9E-8E21-F6C5EBAC22ED}.Release|x64.Build.0 = Release|x64
		{660117AA-6B9E-4C7D-B0BE-DE6BD17DBA1E}.Debug|Win32.ActiveCfg = Debug|Win32
		{660117AA-6B9E-4C7D-B0BE-DE6BD17DBA1E}.Debug|Win32.Build.0 = Debug|Win32
		{660117AA-6B9E-4C7D-B0BE-DE6BD17DBA1E}.Debug|x64.ActiveCfg = Debug|x64
		{660117AA-6B9E-4C7D-B0BE-DE6BD17DBA1E}.Debug|x64.Build.0 = Debug|x64
		{660117AA-6B9E-4C7D-B0BE-DE6BD17DBA1E}.Release|Win32.ActiveCfg = Release|Win32
		{660117AA-6B9E-4C7D-B0BE-DE6BD17DBA1E}.Release|Win32.Build.0 = Release|Win32
		{660117AA-6B9E-4C7D-B0BE-DE6BD17DBA1E}.Release|x64.ActiveCfg = Release|x64
		{660117AA-6B9E-4C7D-B0BE-DE6BD17DBA1E}.Release|x64.Build.0 = Release|x64
		{781B56DF-15CE-4CBA-A008-0403029E558A}.Debug|Win32.ActiveCfg = Debug|Win32
		{781B56DF-15CE-4CBA-A008-0403029E558A}.Debug|Win32.Build.0 = Debug|Win32
		{781B56DF-15CE-4CBA-A008-0403029E558A}.Debug|x64.ActiveCfg = Debug|x64
		{781B56DF-15CE-4CBA-A008-0403029E558A}.Debug|x64.Build.0 = Debug|x64
		{781B56DF-15CE-4CBA-A008-0403029E558A}.Release|Win32.ActiveCfg = Release|Win32
		{781B56DF-15CE-4CBA-A008-0403029E558A}.Release|Win32.Build.0 = Release|Win32
		{781B56DF-15CE-4CBA-A008-0403029E558A}.Release|x64.ActiveCfg = Release|x64
		{781B56DF-15CE-4CBA-A008-0403029E558A}.Release|x64.Build.0 = Release|x64
		{BA36739B-F101-4C91-928D-678AB9521A22}.Debug|Win32.ActiveCfg = Debug|Win32
		{BA36739B-F101-4C91-928D-678AB9521A22}.Debug|Win32.Build.0 = Debug|Win32
		{BA36739B-F101-4C91-928D-678AB9521A22}.Debug|x64.ActiveCfg = Debug|x64
		{BA36739B-F101-4C91-928D-678AB9521A22}.Debug|x64.Build.0 = Debug|x64
		{BA36739B-F101-4C91-928D-678AB9521A22}.Release|Win32.ActiveCfg = Release|Win32
		{BA36739B-F101-4C91-928D-678AB9521A22}.Release|Win32.Build.0 = Release|Win32
		{BA36739B-F101-4C91-928D-678AB9521A22}.Release|x64.ActiveCfg = Release|x64
		{BA36739B-F101-4C91-928D-678AB9521A22}.Release|x64.Build.0 = Release|x64
		{22788F46-AB6B-4278-B1C0-ED220AE85F4A}.Debug|Win32.ActiveCfg = Debug|Win32
		{22788F46-AB6B-4278-B1C0-ED220AE85F4A}.Debug|Win32.Build.0 = Debug|Win32
		{22788F46-AB6B-4278-B1C0-ED220AE85F4A}.Debug|x64.ActiveCfg = Debug|x64
		{22788F46-AB6B-4278-B1C0-ED220AE85F4A}.Debug|x64.Build.0 = Debug|x64
		{22788F46-AB6B-4278-B1C0-ED220AE85F4A}.Release|Win32.ActiveCfg = Release|Win32
		{22788F46-AB6B-4278-B1C0-ED220AE85F4A}.Release|Win32.Build.0 = Release|Win32
		{22788F46-AB6B-4278-B1C0-ED220AE85F4A}.Release|x64.ActiveCfg = Release|x64
		{22788F46-AB6B-4278-B1C0-ED220AE85F4A}.Release|x64.Build.0 = Release|x64
		{F61AB18A-8E8B-43D1-91B2-D6A2A297FDD6}.Debug|Win32.ActiveCfg = Debug|Win32
		{F61AB18A-8E8B-43D1-91B2-D6A2A297FDD6}.Debug|Win32.Build.0 = Debug|Win32
		{F61AB18A-8E8B-43D1-91B2-D6A2A297FDD6}.Debug|x64.ActiveCfg = Debug|x64
		{F61AB18A-8E8B-43D1-91B2-D6A2A297FDD6}.Debug|x64.Build.0 = Debug|x64
		{F61AB18A-8E8B-43D1-91B2-D6A2A297FDD6}.Release|Win32.ActiveCfg = Release|Win32
		{F61AB18A-8E8B-43D1-91B2-D6A2A297FDD6}.Release|Win32.Build.0 = Release|Win32
		{F61AB18A-8E8B-43D1-91B2-D6A2A297FDD6}.Release|x64.ActiveCfg = Release|x64
		{F61AB18A-8E8B-43D1-91B2-D6A2A297FDD6}.Release|x64.Build.0 = Release|x64
	EndGlobalSection
	GlobalSection(SolutionProperties) = preSolution
		HideSolutionNode = FALSE
	EndGlobalSection
	GlobalSection(NestedProjects) = preSolution
		{4B658F8F-1722-4EEA-880C-A4A64DCA9F2C} = {20B98358-3862-4D16-985F-ECE9DE5D9FEB}
		{642392B3-C763-44C8-91F4-EA90C3651608} = {25A7C026-702D-48A4-A1EC-81DE78F0664E}
		{DE053D44-F9BD-4C1A-B44B-3157BE27AD02} = {25A7C026-702D-48A4-A1EC-81DE78F0664E}
		{7AF45D7B-8341-42CF-B382-B67E1399D8B1} = {25A7C026-702D-48A4-A1EC-81DE78F0664E}
		{65229ACC-5C9B-429C-B9DA-4710697637EB} = {25A7C026-702D-48A4-A1EC-81DE78F0664E}
		{218033A7-A6D0-45B4-88F6-F4FF5DD25207} = {25A7C026-702D-48A4-A1EC-81DE78F0664E}
		{111344DB-1F0B-460E-91DD-9DD36D2238A4} = {25A7C026-702D-48A4-A1EC-81DE78F0664E}
		{D8E2714A-11A7-478D-A966-EF6968FFB766} = {25A7C026-702D-48A4-A1EC-81DE78F0664E}
		{AC7C3A84-2F81-4B22-B27E-50A9D4C750E2} = {25A7C026-702D-48A4-A1EC-81DE78F0664E}
		{15AFEB1D-4EF8-4AF0-88C8-9FCA879F8AE2} = {25A7C026-702D-48A4-A1EC-81DE78F0664E}
		{1F7B06CA-5529-4A3D-89CE-15161D4A01D9} = {25A7C026-702D-48A4-A1EC-81DE78F0664E}
		{0A06D231-FC40-4EC9-B0FC-F0D08270384E} = {25A7C026-702D-48A4-A1EC-81DE78F0664E}
		{3EDCB092-C785-41EB-8A83-C5B37A2FF310} = {25A7C026-702D-48A4-A1EC-81DE78F0664E}
		{D10B61A9-09FD-4E87-8C66-BE07AE5CC8E9} = {25A7C026-702D-48A4-A1EC-81DE78F0664E}
		{33FF435B-A3CF-441E-964E-A7DA8735E7B1} = {25A7C026-702D-48A4-A1EC-81DE78F0664E}
		{660117AA-6B9E-4C7D-B0BE-DE6BD17DBA1E} = {25A7C026-702D-48A4-A1EC-81DE78F0664E}
		{BA36739B-F101-4C91-928D-678AB9521A22} = {25A7C026-702D-48A4-A1EC-81DE78F0664E}
		{4459EB9F-0332-46C4-BF60-6CECA73C7D17} = {0CF51D6D-1F80-4D2C-95BE-566641BD1F71}
		{5303D6F1-D667-4E92-A501-8B396252156F} = {0CF51D6D-1F80-4D2C-95BE-566641BD1F71}
		{36EB9E03-E155-4487-AB1B-0B1B862B0155} = {0CF51D6D-1F80-4D2C-95BE-566641BD1F71}
		{0F52C42C-EEDA-4031-B0A0-F6CD53C81465} = {0CF51D6D-1F80-4D2C-95BE-566641BD1F71}
		{9E09B1EB-D3F3-4C38-B87F-AE642F509D04} = {0CF51D6D-1F80-4D2C-95BE-566641BD1F71}
		{9E7C038E-470E-4DF8-A887-3E1B8A02B78C} = {0CF51D6D-1F80-4D2C-95BE-566641BD1F71}
		{B0D287DB-451D-4005-9CE3-185D7602F0B7} = {0CF51D6D-1F80-4D2C-95BE-566641BD1F71}
		{C3B58F69-FA5D-4E9E-8E21-F6C5EBAC22ED} = {0CF51D6D-1F80-4D2C-95BE-566641BD1F71}
		{781B56DF-15CE-4CBA-A008-0403029E558A} = {0CF51D6D-1F80-4D2C-95BE-566641BD1F71}
		{22788F46-AB6B-4278-B1C0-ED220AE85F4A} = {0CF51D6D-1F80-4D2C-95BE-566641BD1F71}
		{F61AB18A-8E8B-43D1-91B2-D6A2A297FDD6} = {0CF51D6D-1F80-4D2C-95BE-566641BD1F71}
		{0CF51D6D-1F80-4D2C-95BE-566641BD1F71} = {9191A7C3-3B0A-45A5-99A2-72D1903AA7B7}
		{25A7C026-702D-48A4-A1EC-81DE78F0664E} = {9191A7C3-3B0A-45A5-99A2-72D1903AA7B7}
	EndGlobalSection
EndGlobal
